
Microsoft Visual Studio Solution File, Format Version 12.00
# Visual Studio Version 17
VisualStudioVersion = 17.11.35327.3
MinimumVisualStudioVersion = 10.0.40219.1
Project("{FAE04EC0-301F-11D3-BF4B-00C04F79EFBC}") = "Order.API", "Order.API\Order.API.csproj", "{523447BB-6FF2-405B-B1E0-675D1C4CE4C3}"
EndProject
Project("{FAE04EC0-301F-11D3-BF4B-00C04F79EFBC}") = "Shared", "Shared\Shared.csproj", "{B5C2029B-6804-429B-A069-F9E7DD119E58}"
EndProject
Project("{FAE04EC0-301F-11D3-BF4B-00C04F79EFBC}") = "Stock.API", "Stock.API\Stock.API.csproj", "{E22C01F4-6442-454A-992E-58AA4B1A200E}"
EndProject
Global
	GlobalSection(SolutionConfigurationPlatforms) = preSolution
		Debug|Any CPU = Debug|Any CPU
		Release|Any CPU = Release|Any CPU
	EndGlobalSection
	GlobalSection(ProjectConfigurationPlatforms) = postSolution
		{523447BB-6FF2-405B-B1E0-675D1C4CE4C3}.Debug|Any CPU.ActiveCfg = Debug|Any CPU
		{523447BB-6FF2-405B-B1E0-675D1C4CE4C3}.Debug|Any CPU.Build.0 = Debug|Any CPU
		{523447BB-6FF2-405B-B1E0-675D1C4CE4C3}.Release|Any CPU.ActiveCfg = Release|Any CPU
		{523447BB-6FF2-405B-B1E0-675D1C4CE4C3}.Release|Any CPU.Build.0 = Release|Any CPU
		{B5C2029B-6804-429B-A069-F9E7DD119E58}.Debug|Any CPU.ActiveCfg = Debug|Any CPU
		{B5C2029B-6804-429B-A069-F9E7DD119E58}.Debug|Any CPU.Build.0 = Debug|Any CPU
		{B5C2029B-6804-429B-A069-F9E7DD119E58}.Release|Any CPU.ActiveCfg = Release|Any CPU
		{B5C2029B-6804-429B-A069-F9E7DD119E58}.Release|Any CPU.Build.0 = Release|Any CPU
		{E22C01F4-6442-454A-992E-58AA4B1A200E}.Debug|Any CPU.ActiveCfg = Debug|Any CPU
		{E22C01F4-6442-454A-992E-58AA4B1A200E}.Debug|Any CPU.Build.0 = Debug|Any CPU
		{E22C01F4-6442-454A-992E-58AA4B1A200E}.Release|Any CPU.ActiveCfg = Release|Any CPU
		{E22C01F4-6442-454A-992E-58AA4B1A200E}.Release|Any CPU.Build.0 = Release|Any CPU
	EndGlobalSection
	GlobalSection(SolutionProperties) = preSolution
		HideSolutionNode = FALSE
	EndGlobalSection
	GlobalSection(ExtensibilityGlobals) = postSolution
		SolutionGuid = {C8EA112B-3F0E-4AD7-AE6A-47B6628B97C4}
	EndGlobalSection
EndGlobal
